// !$*UTF8*$!
{
	archiveVersion = 1;
	classes = {
	};
	objectVersion = 55;
	objects = {

/* Begin PBXBuildFile section */
		4A893CEA27E8B02500ABC441 /* AppDelegate.swift in Sources */ = {isa = PBXBuildFile; fileRef = 4A893CE927E8B02500ABC441 /* AppDelegate.swift */; };
		4A893CEC27E8B02500ABC441 /* SceneDelegate.swift in Sources */ = {isa = PBXBuildFile; fileRef = 4A893CEB27E8B02500ABC441 /* SceneDelegate.swift */; };
		4A893CEE27E8B02500ABC441 /* ViewController.swift in Sources */ = {isa = PBXBuildFile; fileRef = 4A893CED27E8B02500ABC441 /* ViewController.swift */; };
		4A893CF127E8B02500ABC441 /* Main.storyboard in Resources */ = {isa = PBXBuildFile; fileRef = 4A893CEF27E8B02500ABC441 /* Main.storyboard */; };
		4A893CF327E8B02700ABC441 /* Assets.xcassets in Resources */ = {isa = PBXBuildFile; fileRef = 4A893CF227E8B02700ABC441 /* Assets.xcassets */; };
		4A893CF627E8B02700ABC441 /* LaunchScreen.storyboard in Resources */ = {isa = PBXBuildFile; fileRef = 4A893CF427E8B02700ABC441 /* LaunchScreen.storyboard */; };
		4A893D0127E8B02700ABC441 /* DesignTests.swift in Sources */ = {isa = PBXBuildFile; fileRef = 4A893D0027E8B02700ABC441 /* DesignTests.swift */; };
		4A893D0B27E8B02700ABC441 /* DesignUITests.swift in Sources */ = {isa = PBXBuildFile; fileRef = 4A893D0A27E8B02700ABC441 /* DesignUITests.swift */; };
		4A893D0D27E8B02700ABC441 /* DesignUITestsLaunchTests.swift in Sources */ = {isa = PBXBuildFile; fileRef = 4A893D0C27E8B02700ABC441 /* DesignUITestsLaunchTests.swift */; };
		4A893D1B27E9724D00ABC441 /* Factory.swift in Sources */ = {isa = PBXBuildFile; fileRef = 4A893D1A27E9724C00ABC441 /* Factory.swift */; };
		4A893D1C27E9724D00ABC441 /* Factory.swift in Sources */ = {isa = PBXBuildFile; fileRef = 4A893D1A27E9724C00ABC441 /* Factory.swift */; };
		4A893D1E27E979E500ABC441 /* AbstractFactory.swift in Sources */ = {isa = PBXBuildFile; fileRef = 4A893D1D27E979E500ABC441 /* AbstractFactory.swift */; };
		4A893D1F27E979E500ABC441 /* AbstractFactory.swift in Sources */ = {isa = PBXBuildFile; fileRef = 4A893D1D27E979E500ABC441 /* AbstractFactory.swift */; };
		4A893D2327E9ABEC00ABC441 /* Builder.swift in Sources */ = {isa = PBXBuildFile; fileRef = 4A893D2227E9ABEC00ABC441 /* Builder.swift */; };
		4A893D2427E9ABEC00ABC441 /* Builder.swift in Sources */ = {isa = PBXBuildFile; fileRef = 4A893D2227E9ABEC00ABC441 /* Builder.swift */; };
		4A893D2727E9BB5100ABC441 /* Clone.swift in Sources */ = {isa = PBXBuildFile; fileRef = 4A893D2627E9BB5100ABC441 /* Clone.swift */; };
		4A893D2827E9BB5100ABC441 /* Clone.swift in Sources */ = {isa = PBXBuildFile; fileRef = 4A893D2627E9BB5100ABC441 /* Clone.swift */; };
		4A893D2B27E9C1DB00ABC441 /* Singleton.swift in Sources */ = {isa = PBXBuildFile; fileRef = 4A893D2A27E9C1DB00ABC441 /* Singleton.swift */; };
		4A893D2C27E9C1DB00ABC441 /* Singleton.swift in Sources */ = {isa = PBXBuildFile; fileRef = 4A893D2A27E9C1DB00ABC441 /* Singleton.swift */; };
		4A893D2F27E9C8E500ABC441 /* Adapter.swift in Sources */ = {isa = PBXBuildFile; fileRef = 4A893D2E27E9C8E500ABC441 /* Adapter.swift */; };
		4A893D3027E9C8E500ABC441 /* Adapter.swift in Sources */ = {isa = PBXBuildFile; fileRef = 4A893D2E27E9C8E500ABC441 /* Adapter.swift */; };
		4A893D3327E9D86900ABC441 /* Bridge.swift in Sources */ = {isa = PBXBuildFile; fileRef = 4A893D3227E9D86900ABC441 /* Bridge.swift */; };
		4A893D3427E9D86900ABC441 /* Bridge.swift in Sources */ = {isa = PBXBuildFile; fileRef = 4A893D3227E9D86900ABC441 /* Bridge.swift */; };
		4A893D3727E9E70100ABC441 /* Combination.swift in Sources */ = {isa = PBXBuildFile; fileRef = 4A893D3627E9E70100ABC441 /* Combination.swift */; };
		4A893D3827E9E70100ABC441 /* Combination.swift in Sources */ = {isa = PBXBuildFile; fileRef = 4A893D3627E9E70100ABC441 /* Combination.swift */; };
		4A893D3B27E9FDB100ABC441 /* Decorate.swift in Sources */ = {isa = PBXBuildFile; fileRef = 4A893D3A27E9FDB100ABC441 /* Decorate.swift */; };
		4A893D3C27E9FDB100ABC441 /* Decorate.swift in Sources */ = {isa = PBXBuildFile; fileRef = 4A893D3A27E9FDB100ABC441 /* Decorate.swift */; };
		4A893D3F27E9FE7500ABC441 /* Facade.swift in Sources */ = {isa = PBXBuildFile; fileRef = 4A893D3E27E9FE7500ABC441 /* Facade.swift */; };
		4A893D4027E9FE7500ABC441 /* Facade.swift in Sources */ = {isa = PBXBuildFile; fileRef = 4A893D3E27E9FE7500ABC441 /* Facade.swift */; };
		4A893D4327E9FF8C00ABC441 /* Flyweight.swift in Sources */ = {isa = PBXBuildFile; fileRef = 4A893D4227E9FF8C00ABC441 /* Flyweight.swift */; };
		4A893D4427E9FF8C00ABC441 /* Flyweight.swift in Sources */ = {isa = PBXBuildFile; fileRef = 4A893D4227E9FF8C00ABC441 /* Flyweight.swift */; };
		4A893D4727EA001000ABC441 /* Proxy.swift in Sources */ = {isa = PBXBuildFile; fileRef = 4A893D4627EA001000ABC441 /* Proxy.swift */; };
		4A893D4827EA001000ABC441 /* Proxy.swift in Sources */ = {isa = PBXBuildFile; fileRef = 4A893D4627EA001000ABC441 /* Proxy.swift */; };
		4A893D4B27EA01BA00ABC441 /* Chain.swift in Sources */ = {isa = PBXBuildFile; fileRef = 4A893D4A27EA01BA00ABC441 /* Chain.swift */; };
		4A893D4C27EA01BA00ABC441 /* Chain.swift in Sources */ = {isa = PBXBuildFile; fileRef = 4A893D4A27EA01BA00ABC441 /* Chain.swift */; };
		4A893D4F27EA026300ABC441 /* Command.swift in Sources */ = {isa = PBXBuildFile; fileRef = 4A893D4E27EA026300ABC441 /* Command.swift */; };
		4A893D5027EA026300ABC441 /* Command.swift in Sources */ = {isa = PBXBuildFile; fileRef = 4A893D4E27EA026300ABC441 /* Command.swift */; };
		4A893D5327EA031600ABC441 /* Iterator.swift in Sources */ = {isa = PBXBuildFile; fileRef = 4A893D5227EA031600ABC441 /* Iterator.swift */; };
		4A893D5427EA031600ABC441 /* Iterator.swift in Sources */ = {isa = PBXBuildFile; fileRef = 4A893D5227EA031600ABC441 /* Iterator.swift */; };
		4A893D5727EA04D100ABC441 /* Mediator.swift in Sources */ = {isa = PBXBuildFile; fileRef = 4A893D5627EA04D100ABC441 /* Mediator.swift */; };
		4A893D5827EA04D100ABC441 /* Mediator.swift in Sources */ = {isa = PBXBuildFile; fileRef = 4A893D5627EA04D100ABC441 /* Mediator.swift */; };
		4A893D5B27EA061900ABC441 /* Memento.swift in Sources */ = {isa = PBXBuildFile; fileRef = 4A893D5A27EA061900ABC441 /* Memento.swift */; };
		4A893D5C27EA061900ABC441 /* Memento.swift in Sources */ = {isa = PBXBuildFile; fileRef = 4A893D5A27EA061900ABC441 /* Memento.swift */; };
		4A893D5F27EA067F00ABC441 /* Listener.swift in Sources */ = {isa = PBXBuildFile; fileRef = 4A893D5E27EA067F00ABC441 /* Listener.swift */; };
		4A893D6027EA067F00ABC441 /* Listener.swift in Sources */ = {isa = PBXBuildFile; fileRef = 4A893D5E27EA067F00ABC441 /* Listener.swift */; };
		4A893D6327EA0A9F00ABC441 /* State.swift in Sources */ = {isa = PBXBuildFile; fileRef = 4A893D6227EA0A9F00ABC441 /* State.swift */; };
		4A893D6427EA0A9F00ABC441 /* State.swift in Sources */ = {isa = PBXBuildFile; fileRef = 4A893D6227EA0A9F00ABC441 /* State.swift */; };
		4A893D6727EA0C6000ABC441 /* Strategy.swift in Sources */ = {isa = PBXBuildFile; fileRef = 4A893D6627EA0C6000ABC441 /* Strategy.swift */; };
		4A893D6827EA0C6000ABC441 /* Strategy.swift in Sources */ = {isa = PBXBuildFile; fileRef = 4A893D6627EA0C6000ABC441 /* Strategy.swift */; };
		4A893D6B27EA0DCB00ABC441 /* Template.swift in Sources */ = {isa = PBXBuildFile; fileRef = 4A893D6A27EA0DCB00ABC441 /* Template.swift */; };
		4A893D6C27EA0DCB00ABC441 /* Template.swift in Sources */ = {isa = PBXBuildFile; fileRef = 4A893D6A27EA0DCB00ABC441 /* Template.swift */; };
		4A893D6F27EA0EDA00ABC441 /* Visitor.swift in Sources */ = {isa = PBXBuildFile; fileRef = 4A893D6E27EA0EDA00ABC441 /* Visitor.swift */; };
		4A893D7027EA0EDA00ABC441 /* Visitor.swift in Sources */ = {isa = PBXBuildFile; fileRef = 4A893D6E27EA0EDA00ABC441 /* Visitor.swift */; };
		4A893D7427EA1BA100ABC441 /* XCTest.framework in Frameworks */ = {isa = PBXBuildFile; fileRef = 4A893D7327EA1BA100ABC441 /* XCTest.framework */; };
		4A893D7727EB061500ABC441 /* FactoryEx.swift in Sources */ = {isa = PBXBuildFile; fileRef = 4A893D7627EB061400ABC441 /* FactoryEx.swift */; };
		4A893D7827EB061500ABC441 /* FactoryEx.swift in Sources */ = {isa = PBXBuildFile; fileRef = 4A893D7627EB061400ABC441 /* FactoryEx.swift */; };
		4A893D7A27EB0A1500ABC441 /* AbstractFactoryEx.swift in Sources */ = {isa = PBXBuildFile; fileRef = 4A893D7927EB0A1500ABC441 /* AbstractFactoryEx.swift */; };
		4A893D7B27EB0A1500ABC441 /* AbstractFactoryEx.swift in Sources */ = {isa = PBXBuildFile; fileRef = 4A893D7927EB0A1500ABC441 /* AbstractFactoryEx.swift */; };
/* End PBXBuildFile section */

/* Begin PBXContainerItemProxy section */
		4A893CFD27E8B02700ABC441 /* PBXContainerItemProxy */ = {
			isa = PBXContainerItemProxy;
			containerPortal = 4A893CDE27E8B02500ABC441 /* Project object */;
			proxyType = 1;
			remoteGlobalIDString = 4A893CE527E8B02500ABC441;
			remoteInfo = Design;
		};
		4A893D0727E8B02700ABC441 /* PBXContainerItemProxy */ = {
			isa = PBXContainerItemProxy;
			containerPortal = 4A893CDE27E8B02500ABC441 /* Project object */;
			proxyType = 1;
			remoteGlobalIDString = 4A893CE527E8B02500ABC441;
			remoteInfo = Design;
		};
/* End PBXContainerItemProxy section */

/* Begin PBXFileReference section */
		4A3A48672C36930D00E67AD1 /* LDShop.ipa */ = {isa = PBXFileReference; lastKnownFileType = file; path = LDShop.ipa; sourceTree = "<group>"; };
		4A3A48692C36B72300E67AD1 /* WechatIMG123.png */ = {isa = PBXFileReference; lastKnownFileType = image.png; path = WechatIMG123.png; sourceTree = "<group>"; };
		4A82FC922C36C3EF00265E15 /* LDShop.GG.plist */ = {isa = PBXFileReference; lastKnownFileType = text.plist.xml; path = LDShop.GG.plist; sourceTree = "<group>"; };
		4A893CE627E8B02500ABC441 /* Design.app */ = {isa = PBXFileReference; explicitFileType = wrapper.application; includeInIndex = 0; path = Design.app; sourceTree = BUILT_PRODUCTS_DIR; };
		4A893CE927E8B02500ABC441 /* AppDelegate.swift */ = {isa = PBXFileReference; lastKnownFileType = sourcecode.swift; path = AppDelegate.swift; sourceTree = "<group>"; };
		4A893CEB27E8B02500ABC441 /* SceneDelegate.swift */ = {isa = PBXFileReference; lastKnownFileType = sourcecode.swift; path = SceneDelegate.swift; sourceTree = "<group>"; };
		4A893CED27E8B02500ABC441 /* ViewController.swift */ = {isa = PBXFileReference; lastKnownFileType = sourcecode.swift; path = ViewController.swift; sourceTree = "<group>"; };
		4A893CF027E8B02500ABC441 /* Base */ = {isa = PBXFileReference; lastKnownFileType = file.storyboard; name = Base; path = Base.lproj/Main.storyboard; sourceTree = "<group>"; };
		4A893CF227E8B02700ABC441 /* Assets.xcassets */ = {isa = PBXFileReference; lastKnownFileType = folder.assetcatalog; path = Assets.xcassets; sourceTree = "<group>"; };
		4A893CF527E8B02700ABC441 /* Base */ = {isa = PBXFileReference; lastKnownFileType = file.storyboard; name = Base; path = Base.lproj/LaunchScreen.storyboard; sourceTree = "<group>"; };
		4A893CF727E8B02700ABC441 /* Info.plist */ = {isa = PBXFileReference; lastKnownFileType = text.plist.xml; path = Info.plist; sourceTree = "<group>"; };
		4A893CFC27E8B02700ABC441 /* DesignTests.xctest */ = {isa = PBXFileReference; explicitFileType = wrapper.cfbundle; includeInIndex = 0; path = DesignTests.xctest; sourceTree = BUILT_PRODUCTS_DIR; };
		4A893D0027E8B02700ABC441 /* DesignTests.swift */ = {isa = PBXFileReference; lastKnownFileType = sourcecode.swift; path = DesignTests.swift; sourceTree = "<group>"; };
		4A893D0627E8B02700ABC441 /* DesignUITests.xctest */ = {isa = PBXFileReference; explicitFileType = wrapper.cfbundle; includeInIndex = 0; path = DesignUITests.xctest; sourceTree = BUILT_PRODUCTS_DIR; };
		4A893D0A27E8B02700ABC441 /* DesignUITests.swift */ = {isa = PBXFileReference; lastKnownFileType = sourcecode.swift; path = DesignUITests.swift; sourceTree = "<group>"; };
		4A893D0C27E8B02700ABC441 /* DesignUITestsLaunchTests.swift */ = {isa = PBXFileReference; lastKnownFileType = sourcecode.swift; path = DesignUITestsLaunchTests.swift; sourceTree = "<group>"; };
		4A893D1A27E9724C00ABC441 /* Factory.swift */ = {isa = PBXFileReference; lastKnownFileType = sourcecode.swift; path = Factory.swift; sourceTree = "<group>"; };
		4A893D1D27E979E500ABC441 /* AbstractFactory.swift */ = {isa = PBXFileReference; lastKnownFileType = sourcecode.swift; path = AbstractFactory.swift; sourceTree = "<group>"; };
		4A893D2227E9ABEC00ABC441 /* Builder.swift */ = {isa = PBXFileReference; lastKnownFileType = sourcecode.swift; path = Builder.swift; sourceTree = "<group>"; };
		4A893D2627E9BB5100ABC441 /* Clone.swift */ = {isa = PBXFileReference; lastKnownFileType = sourcecode.swift; path = Clone.swift; sourceTree = "<group>"; };
		4A893D2A27E9C1DB00ABC441 /* Singleton.swift */ = {isa = PBXFileReference; lastKnownFileType = sourcecode.swift; path = Singleton.swift; sourceTree = "<group>"; };
		4A893D2E27E9C8E500ABC441 /* Adapter.swift */ = {isa = PBXFileReference; lastKnownFileType = sourcecode.swift; path = Adapter.swift; sourceTree = "<group>"; };
		4A893D3227E9D86900ABC441 /* Bridge.swift */ = {isa = PBXFileReference; lastKnownFileType = sourcecode.swift; path = Bridge.swift; sourceTree = "<group>"; };
		4A893D3627E9E70100ABC441 /* Combination.swift */ = {isa = PBXFileReference; lastKnownFileType = sourcecode.swift; path = Combination.swift; sourceTree = "<group>"; };
		4A893D3A27E9FDB100ABC441 /* Decorate.swift */ = {isa = PBXFileReference; lastKnownFileType = sourcecode.swift; path = Decorate.swift; sourceTree = "<group>"; };
		4A893D3E27E9FE7500ABC441 /* Facade.swift */ = {isa = PBXFileReference; lastKnownFileType = sourcecode.swift; path = Facade.swift; sourceTree = "<group>"; };
		4A893D4227E9FF8C00ABC441 /* Flyweight.swift */ = {isa = PBXFileReference; lastKnownFileType = sourcecode.swift; path = Flyweight.swift; sourceTree = "<group>"; };
		4A893D4627EA001000ABC441 /* Proxy.swift */ = {isa = PBXFileReference; lastKnownFileType = sourcecode.swift; path = Proxy.swift; sourceTree = "<group>"; };
		4A893D4A27EA01BA00ABC441 /* Chain.swift */ = {isa = PBXFileReference; lastKnownFileType = sourcecode.swift; path = Chain.swift; sourceTree = "<group>"; };
		4A893D4E27EA026300ABC441 /* Command.swift */ = {isa = PBXFileReference; lastKnownFileType = sourcecode.swift; path = Command.swift; sourceTree = "<group>"; };
		4A893D5227EA031600ABC441 /* Iterator.swift */ = {isa = PBXFileReference; lastKnownFileType = sourcecode.swift; path = Iterator.swift; sourceTree = "<group>"; };
		4A893D5627EA04D100ABC441 /* Mediator.swift */ = {isa = PBXFileReference; lastKnownFileType = sourcecode.swift; path = Mediator.swift; sourceTree = "<group>"; };
		4A893D5A27EA061900ABC441 /* Memento.swift */ = {isa = PBXFileReference; lastKnownFileType = sourcecode.swift; path = Memento.swift; sourceTree = "<group>"; };
		4A893D5E27EA067F00ABC441 /* Listener.swift */ = {isa = PBXFileReference; lastKnownFileType = sourcecode.swift; path = Listener.swift; sourceTree = "<group>"; };
		4A893D6227EA0A9F00ABC441 /* State.swift */ = {isa = PBXFileReference; lastKnownFileType = sourcecode.swift; path = State.swift; sourceTree = "<group>"; };
		4A893D6627EA0C6000ABC441 /* Strategy.swift */ = {isa = PBXFileReference; lastKnownFileType = sourcecode.swift; path = Strategy.swift; sourceTree = "<group>"; };
		4A893D6A27EA0DCB00ABC441 /* Template.swift */ = {isa = PBXFileReference; lastKnownFileType = sourcecode.swift; path = Template.swift; sourceTree = "<group>"; };
		4A893D6E27EA0EDA00ABC441 /* Visitor.swift */ = {isa = PBXFileReference; lastKnownFileType = sourcecode.swift; path = Visitor.swift; sourceTree = "<group>"; };
		4A893D7327EA1BA100ABC441 /* XCTest.framework */ = {isa = PBXFileReference; lastKnownFileType = wrapper.framework; name = XCTest.framework; path = Platforms/iPhoneOS.platform/Developer/Library/Frameworks/XCTest.framework; sourceTree = DEVELOPER_DIR; };
		4A893D7627EB061400ABC441 /* FactoryEx.swift */ = {isa = PBXFileReference; lastKnownFileType = sourcecode.swift; path = FactoryEx.swift; sourceTree = "<group>"; };
		4A893D7927EB0A1500ABC441 /* AbstractFactoryEx.swift */ = {isa = PBXFileReference; lastKnownFileType = sourcecode.swift; path = AbstractFactoryEx.swift; sourceTree = "<group>"; };
/* End PBXFileReference section */

/* Begin PBXFrameworksBuildPhase section */
		4A893CE327E8B02500ABC441 /* Frameworks */ = {
			isa = PBXFrameworksBuildPhase;
			buildActionMask = 2147483647;
			files = (
				4A893D7427EA1BA100ABC441 /* XCTest.framework in Frameworks */,
			);
			runOnlyForDeploymentPostprocessing = 0;
		};
		4A893CF927E8B02700ABC441 /* Frameworks */ = {
			isa = PBXFrameworksBuildPhase;
			buildActionMask = 2147483647;
			files = (
			);
			runOnlyForDeploymentPostprocessing = 0;
		};
		4A893D0327E8B02700ABC441 /* Frameworks */ = {
			isa = PBXFrameworksBuildPhase;
			buildActionMask = 2147483647;
			files = (
			);
			runOnlyForDeploymentPostprocessing = 0;
		};
/* End PBXFrameworksBuildPhase section */

/* Begin PBXGroup section */
		4A3A48662C3692E900E67AD1 /* Shop */ = {
			isa = PBXGroup;
			children = (
				4A3A48692C36B72300E67AD1 /* WechatIMG123.png */,
				4A82FC922C36C3EF00265E15 /* LDShop.GG.plist */,
				4A3A48672C36930D00E67AD1 /* LDShop.ipa */,
			);
			path = Shop;
			sourceTree = "<group>";
		};
		4A893CDD27E8B02500ABC441 = {
			isa = PBXGroup;
			children = (
				4A3A48662C3692E900E67AD1 /* Shop */,
				4A893CE827E8B02500ABC441 /* Design */,
				4A893CFF27E8B02700ABC441 /* DesignTests */,
				4A893D0927E8B02700ABC441 /* DesignUITests */,
				4A893CE727E8B02500ABC441 /* Products */,
				4A893D7227EA1BA100ABC441 /* Frameworks */,
			);
			sourceTree = "<group>";
		};
		4A893CE727E8B02500ABC441 /* Products */ = {
			isa = PBXGroup;
			children = (
				4A893CE627E8B02500ABC441 /* Design.app */,
				4A893CFC27E8B02700ABC441 /* DesignTests.xctest */,
				4A893D0627E8B02700ABC441 /* DesignUITests.xctest */,
			);
			name = Products;
			sourceTree = "<group>";
		};
		4A893CE827E8B02500ABC441 /* Design */ = {
			isa = PBXGroup;
			children = (
				4A893D6D27EA0ECF00ABC441 /* Visitor */,
				4A893D6927EA0DC300ABC441 /* Template */,
				4A893D6527EA0C5600ABC441 /* Strategy */,
				4A893D6127EA0A9600ABC441 /* State */,
				4A893D5D27EA067300ABC441 /* Listener */,
				4A893D5927EA061000ABC441 /* Memento */,
				4A893D5527EA04C700ABC441 /* Mediator */,
				4A893D5127EA030C00ABC441 /* Iterator */,
				4A893D4D27EA025200ABC441 /* Command */,
				4A893D4927EA01A700ABC441 /* Chain */,
				4A893D4527EA000100ABC441 /* Proxy */,
				4A893D4127E9FF7F00ABC441 /* Flyweight */,
				4A893D3D27E9FE6D00ABC441 /* Facade */,
				4A893D3927E9FDA300ABC441 /* Decorate */,
				4A893D3527E9E6F200ABC441 /* Combination */,
				4A893D3127E9D19100ABC441 /* Bridge */,
				4A893D2D27E9C88300ABC441 /* Adapter */,
				4A893D2927E9C1D000ABC441 /* Singleton */,
				4A893D2527E9BA8C00ABC441 /* Clone */,
				4A893D2127E9ABCC00ABC441 /* Builder */,
				4A893D1927E96ACF00ABC441 /* Factory */,
				4A893CE927E8B02500ABC441 /* AppDelegate.swift */,
				4A893CEB27E8B02500ABC441 /* SceneDelegate.swift */,
				4A893CED27E8B02500ABC441 /* ViewController.swift */,
				4A893CEF27E8B02500ABC441 /* Main.storyboard */,
				4A893CF227E8B02700ABC441 /* Assets.xcassets */,
				4A893CF427E8B02700ABC441 /* LaunchScreen.storyboard */,
				4A893CF727E8B02700ABC441 /* Info.plist */,
			);
			path = Design;
			sourceTree = "<group>";
		};
		4A893CFF27E8B02700ABC441 /* DesignTests */ = {
			isa = PBXGroup;
			children = (
				4A893D0027E8B02700ABC441 /* DesignTests.swift */,
			);
			path = DesignTests;
			sourceTree = "<group>";
		};
		4A893D0927E8B02700ABC441 /* DesignUITests */ = {
			isa = PBXGroup;
			children = (
				4A893D0A27E8B02700ABC441 /* DesignUITests.swift */,
				4A893D0C27E8B02700ABC441 /* DesignUITestsLaunchTests.swift */,
			);
			path = DesignUITests;
			sourceTree = "<group>";
		};
		4A893D1927E96ACF00ABC441 /* Factory */ = {
			isa = PBXGroup;
			children = (
				4A893D7527EB05D400ABC441 /* Example */,
				4A893D1A27E9724C00ABC441 /* Factory.swift */,
				4A893D1D27E979E500ABC441 /* AbstractFactory.swift */,
			);
			path = Factory;
			sourceTree = "<group>";
		};
		4A893D2127E9ABCC00ABC441 /* Builder */ = {
			isa = PBXGroup;
			children = (
				4A893D2227E9ABEC00ABC441 /* Builder.swift */,
			);
			path = Builder;
			sourceTree = "<group>";
		};
		4A893D2527E9BA8C00ABC441 /* Clone */ = {
			isa = PBXGroup;
			children = (
				4A893D2627E9BB5100ABC441 /* Clone.swift */,
			);
			path = Clone;
			sourceTree = "<group>";
		};
		4A893D2927E9C1D000ABC441 /* Singleton */ = {
			isa = PBXGroup;
			children = (
				4A893D2A27E9C1DB00ABC441 /* Singleton.swift */,
			);
			path = Singleton;
			sourceTree = "<group>";
		};
		4A893D2D27E9C88300ABC441 /* Adapter */ = {
			isa = PBXGroup;
			children = (
				4A893D2E27E9C8E500ABC441 /* Adapter.swift */,
			);
			path = Adapter;
			sourceTree = "<group>";
		};
		4A893D3127E9D19100ABC441 /* Bridge */ = {
			isa = PBXGroup;
			children = (
				4A893D3227E9D86900ABC441 /* Bridge.swift */,
			);
			path = Bridge;
			sourceTree = "<group>";
		};
		4A893D3527E9E6F200ABC441 /* Combination */ = {
			isa = PBXGroup;
			children = (
				4A893D3627E9E70100ABC441 /* Combination.swift */,
			);
			path = Combination;
			sourceTree = "<group>";
		};
		4A893D3927E9FDA300ABC441 /* Decorate */ = {
			isa = PBXGroup;
			children = (
				4A893D3A27E9FDB100ABC441 /* Decorate.swift */,
			);
			path = Decorate;
			sourceTree = "<group>";
		};
		4A893D3D27E9FE6D00ABC441 /* Facade */ = {
			isa = PBXGroup;
			children = (
				4A893D3E27E9FE7500ABC441 /* Facade.swift */,
			);
			path = Facade;
			sourceTree = "<group>";
		};
		4A893D4127E9FF7F00ABC441 /* Flyweight */ = {
			isa = PBXGroup;
			children = (
				4A893D4227E9FF8C00ABC441 /* Flyweight.swift */,
			);
			path = Flyweight;
			sourceTree = "<group>";
		};
		4A893D4527EA000100ABC441 /* Proxy */ = {
			isa = PBXGroup;
			children = (
				4A893D4627EA001000ABC441 /* Proxy.swift */,
			);
			path = Proxy;
			sourceTree = "<group>";
		};
		4A893D4927EA01A700ABC441 /* Chain */ = {
			isa = PBXGroup;
			children = (
				4A893D4A27EA01BA00ABC441 /* Chain.swift */,
			);
			path = Chain;
			sourceTree = "<group>";
		};
		4A893D4D27EA025200ABC441 /* Command */ = {
			isa = PBXGroup;
			children = (
				4A893D4E27EA026300ABC441 /* Command.swift */,
			);
			path = Command;
			sourceTree = "<group>";
		};
		4A893D5127EA030C00ABC441 /* Iterator */ = {
			isa = PBXGroup;
			children = (
				4A893D5227EA031600ABC441 /* Iterator.swift */,
			);
			path = Iterator;
			sourceTree = "<group>";
		};
		4A893D5527EA04C700ABC441 /* Mediator */ = {
			isa = PBXGroup;
			children = (
				4A893D5627EA04D100ABC441 /* Mediator.swift */,
			);
			path = Mediator;
			sourceTree = "<group>";
		};
		4A893D5927EA061000ABC441 /* Memento */ = {
			isa = PBXGroup;
			children = (
				4A893D5A27EA061900ABC441 /* Memento.swift */,
			);
			path = Memento;
			sourceTree = "<group>";
		};
		4A893D5D27EA067300ABC441 /* Listener */ = {
			isa = PBXGroup;
			children = (
				4A893D5E27EA067F00ABC441 /* Listener.swift */,
			);
			path = Listener;
			sourceTree = "<group>";
		};
		4A893D6127EA0A9600ABC441 /* State */ = {
			isa = PBXGroup;
			children = (
				4A893D6227EA0A9F00ABC441 /* State.swift */,
			);
			path = State;
			sourceTree = "<group>";
		};
		4A893D6527EA0C5600ABC441 /* Strategy */ = {
			isa = PBXGroup;
			children = (
				4A893D6627EA0C6000ABC441 /* Strategy.swift */,
			);
			path = Strategy;
			sourceTree = "<group>";
		};
		4A893D6927EA0DC300ABC441 /* Template */ = {
			isa = PBXGroup;
			children = (
				4A893D6A27EA0DCB00ABC441 /* Template.swift */,
			);
			path = Template;
			sourceTree = "<group>";
		};
		4A893D6D27EA0ECF00ABC441 /* Visitor */ = {
			isa = PBXGroup;
			children = (
				4A893D6E27EA0EDA00ABC441 /* Visitor.swift */,
			);
			path = Visitor;
			sourceTree = "<group>";
		};
		4A893D7227EA1BA100ABC441 /* Frameworks */ = {
			isa = PBXGroup;
			children = (
				4A893D7327EA1BA100ABC441 /* XCTest.framework */,
			);
			name = Frameworks;
			sourceTree = "<group>";
		};
		4A893D7527EB05D400ABC441 /* Example */ = {
			isa = PBXGroup;
			children = (
				4A893D7627EB061400ABC441 /* FactoryEx.swift */,
				4A893D7927EB0A1500ABC441 /* AbstractFactoryEx.swift */,
			);
			path = Example;
			sourceTree = "<group>";
		};
/* End PBXGroup section */

/* Begin PBXNativeTarget section */
		4A893CE527E8B02500ABC441 /* Design */ = {
			isa = PBXNativeTarget;
			buildConfigurationList = 4A893D1027E8B02700ABC441 /* Build configuration list for PBXNativeTarget "Design" */;
			buildPhases = (
				4A893CE227E8B02500ABC441 /* Sources */,
				4A893CE327E8B02500ABC441 /* Frameworks */,
				4A893CE427E8B02500ABC441 /* Resources */,
			);
			buildRules = (
			);
			dependencies = (
			);
			name = Design;
			productName = Design;
			productReference = 4A893CE627E8B02500ABC441 /* Design.app */;
			productType = "com.apple.product-type.application";
		};
		4A893CFB27E8B02700ABC441 /* DesignTests */ = {
			isa = PBXNativeTarget;
			buildConfigurationList = 4A893D1327E8B02700ABC441 /* Build configuration list for PBXNativeTarget "DesignTests" */;
			buildPhases = (
				4A893CF827E8B02700ABC441 /* Sources */,
				4A893CF927E8B02700ABC441 /* Frameworks */,
				4A893CFA27E8B02700ABC441 /* Resources */,
			);
			buildRules = (
			);
			dependencies = (
				4A893CFE27E8B02700ABC441 /* PBXTargetDependency */,
			);
			name = DesignTests;
			productName = DesignTests;
			productReference = 4A893CFC27E8B02700ABC441 /* DesignTests.xctest */;
			productType = "com.apple.product-type.bundle.unit-test";
		};
		4A893D0527E8B02700ABC441 /* DesignUITests */ = {
			isa = PBXNativeTarget;
			buildConfigurationList = 4A893D1627E8B02700ABC441 /* Build configuration list for PBXNativeTarget "DesignUITests" */;
			buildPhases = (
				4A893D0227E8B02700ABC441 /* Sources */,
				4A893D0327E8B02700ABC441 /* Frameworks */,
				4A893D0427E8B02700ABC441 /* Resources */,
			);
			buildRules = (
			);
			dependencies = (
				4A893D0827E8B02700ABC441 /* PBXTargetDependency */,
			);
			name = DesignUITests;
			productName = DesignUITests;
			productReference = 4A893D0627E8B02700ABC441 /* DesignUITests.xctest */;
			productType = "com.apple.product-type.bundle.ui-testing";
		};
/* End PBXNativeTarget section */

/* Begin PBXProject section */
		4A893CDE27E8B02500ABC441 /* Project object */ = {
			isa = PBXProject;
			attributes = {
				BuildIndependentTargetsInParallel = 1;
				LastSwiftUpdateCheck = 1320;
				LastUpgradeCheck = 1320;
				TargetAttributes = {
					4A893CE527E8B02500ABC441 = {
						CreatedOnToolsVersion = 13.2.1;
					};
					4A893CFB27E8B02700ABC441 = {
						CreatedOnToolsVersion = 13.2.1;
						TestTargetID = 4A893CE527E8B02500ABC441;
					};
					4A893D0527E8B02700ABC441 = {
						CreatedOnToolsVersion = 13.2.1;
						TestTargetID = 4A893CE527E8B02500ABC441;
					};
				};
			};
			buildConfigurationList = 4A893CE127E8B02500ABC441 /* Build configuration list for PBXProject "Design" */;
			compatibilityVersion = "Xcode 13.0";
			developmentRegion = en;
			hasScannedForEncodings = 0;
			knownRegions = (
				en,
				Base,
			);
			mainGroup = 4A893CDD27E8B02500ABC441;
			productRefGroup = 4A893CE727E8B02500ABC441 /* Products */;
			projectDirPath = "";
			projectRoot = "";
			targets = (
				4A893CE527E8B02500ABC441 /* Design */,
				4A893CFB27E8B02700ABC441 /* DesignTests */,
				4A893D0527E8B02700ABC441 /* DesignUITests */,
			);
		};
/* End PBXProject section */

/* Begin PBXResourcesBuildPhase section */
		4A893CE427E8B02500ABC441 /* Resources */ = {
			isa = PBXResourcesBuildPhase;
			buildActionMask = 2147483647;
			files = (
				4A893CF627E8B02700ABC441 /* LaunchScreen.storyboard in Resources */,
				4A893CF327E8B02700ABC441 /* Assets.xcassets in Resources */,
				4A893CF127E8B02500ABC441 /* Main.storyboard in Resources */,
			);
			runOnlyForDeploymentPostprocessing = 0;
		};
		4A893CFA27E8B02700ABC441 /* Resources */ = {
			isa = PBXResourcesBuildPhase;
			buildActionMask = 2147483647;
			files = (
			);
			runOnlyForDeploymentPostprocessing = 0;
		};
		4A893D0427E8B02700ABC441 /* Resources */ = {
			isa = PBXResourcesBuildPhase;
			buildActionMask = 2147483647;
			files = (
			);
			runOnlyForDeploymentPostprocessing = 0;
		};
/* End PBXResourcesBuildPhase section */

/* Begin PBXSourcesBuildPhase section */
		4A893CE227E8B02500ABC441 /* Sources */ = {
			isa = PBXSourcesBuildPhase;
			buildActionMask = 2147483647;
			files = (
				4A893D4F27EA026300ABC441 /* Command.swift in Sources */,
				4A893D3B27E9FDB100ABC441 /* Decorate.swift in Sources */,
				4A893D3327E9D86900ABC441 /* Bridge.swift in Sources */,
				4A893D6327EA0A9F00ABC441 /* State.swift in Sources */,
				4A893D1B27E9724D00ABC441 /* Factory.swift in Sources */,
				4A893D5F27EA067F00ABC441 /* Listener.swift in Sources */,
				4A893D4327E9FF8C00ABC441 /* Flyweight.swift in Sources */,
				4A893D5727EA04D100ABC441 /* Mediator.swift in Sources */,
				4A893D4727EA001000ABC441 /* Proxy.swift in Sources */,
				4A893D2F27E9C8E500ABC441 /* Adapter.swift in Sources */,
				4A893CEE27E8B02500ABC441 /* ViewController.swift in Sources */,
				4A893D1E27E979E500ABC441 /* AbstractFactory.swift in Sources */,
				4A893CEA27E8B02500ABC441 /* AppDelegate.swift in Sources */,
				4A893D4B27EA01BA00ABC441 /* Chain.swift in Sources */,
				4A893D2727E9BB5100ABC441 /* Clone.swift in Sources */,
				4A893D2B27E9C1DB00ABC441 /* Singleton.swift in Sources */,
				4A893CEC27E8B02500ABC441 /* SceneDelegate.swift in Sources */,
				4A893D7727EB061500ABC441 /* FactoryEx.swift in Sources */,
				4A893D7A27EB0A1500ABC441 /* AbstractFactoryEx.swift in Sources */,
				4A893D3727E9E70100ABC441 /* Combination.swift in Sources */,
				4A893D6727EA0C6000ABC441 /* Strategy.swift in Sources */,
				4A893D5327EA031600ABC441 /* Iterator.swift in Sources */,
				4A893D5B27EA061900ABC441 /* Memento.swift in Sources */,
				4A893D6B27EA0DCB00ABC441 /* Template.swift in Sources */,
				4A893D3F27E9FE7500ABC441 /* Facade.swift in Sources */,
				4A893D6F27EA0EDA00ABC441 /* Visitor.swift in Sources */,
				4A893D2327E9ABEC00ABC441 /* Builder.swift in Sources */,
			);
			runOnlyForDeploymentPostprocessing = 0;
		};
		4A893CF827E8B02700ABC441 /* Sources */ = {
			isa = PBXSourcesBuildPhase;
			buildActionMask = 2147483647;
			files = (
				4A893D5827EA04D100ABC441 /* Mediator.swift in Sources */,
				4A893D3827E9E70100ABC441 /* Combination.swift in Sources */,
				4A893D4827EA001000ABC441 /* Proxy.swift in Sources */,
				4A893D6427EA0A9F00ABC441 /* State.swift in Sources */,
				4A893D4427E9FF8C00ABC441 /* Flyweight.swift in Sources */,
				4A893D5427EA031600ABC441 /* Iterator.swift in Sources */,
				4A893D7027EA0EDA00ABC441 /* Visitor.swift in Sources */,
				4A893D1F27E979E500ABC441 /* AbstractFactory.swift in Sources */,
				4A893D6C27EA0DCB00ABC441 /* Template.swift in Sources */,
				4A893D2C27E9C1DB00ABC441 /* Singleton.swift in Sources */,
				4A893D1C27E9724D00ABC441 /* Factory.swift in Sources */,
				4A893D3C27E9FDB100ABC441 /* Decorate.swift in Sources */,
				4A893D2827E9BB5100ABC441 /* Clone.swift in Sources */,
				4A893D5027EA026300ABC441 /* Command.swift in Sources */,
				4A893D4027E9FE7500ABC441 /* Facade.swift in Sources */,
				4A893D7B27EB0A1500ABC441 /* AbstractFactoryEx.swift in Sources */,
				4A893D7827EB061500ABC441 /* FactoryEx.swift in Sources */,
				4A893D4C27EA01BA00ABC441 /* Chain.swift in Sources */,
				4A893D3427E9D86900ABC441 /* Bridge.swift in Sources */,
				4A893D0127E8B02700ABC441 /* DesignTests.swift in Sources */,
				4A893D6027EA067F00ABC441 /* Listener.swift in Sources */,
				4A893D6827EA0C6000ABC441 /* Strategy.swift in Sources */,
				4A893D5C27EA061900ABC441 /* Memento.swift in Sources */,
				4A893D2427E9ABEC00ABC441 /* Builder.swift in Sources */,
				4A893D3027E9C8E500ABC441 /* Adapter.swift in Sources */,
			);
			runOnlyForDeploymentPostprocessing = 0;
		};
		4A893D0227E8B02700ABC441 /* Sources */ = {
			isa = PBXSourcesBuildPhase;
			buildActionMask = 2147483647;
			files = (
				4A893D0D27E8B02700ABC441 /* DesignUITestsLaunchTests.swift in Sources */,
				4A893D0B27E8B02700ABC441 /* DesignUITests.swift in Sources */,
			);
			runOnlyForDeploymentPostprocessing = 0;
		};
/* End PBXSourcesBuildPhase section */

/* Begin PBXTargetDependency section */
		4A893CFE27E8B02700ABC441 /* PBXTargetDependency */ = {
			isa = PBXTargetDependency;
			target = 4A893CE527E8B02500ABC441 /* Design */;
			targetProxy = 4A893CFD27E8B02700ABC441 /* PBXContainerItemProxy */;
		};
		4A893D0827E8B02700ABC441 /* PBXTargetDependency */ = {
			isa = PBXTargetDependency;
			target = 4A893CE527E8B02500ABC441 /* Design */;
			targetProxy = 4A893D0727E8B02700ABC441 /* PBXContainerItemProxy */;
		};
/* End PBXTargetDependency section */

/* Begin PBXVariantGroup section */
		4A893CEF27E8B02500ABC441 /* Main.storyboard */ = {
			isa = PBXVariantGroup;
			children = (
				4A893CF027E8B02500ABC441 /* Base */,
			);
			name = Main.storyboard;
			sourceTree = "<group>";
		};
		4A893CF427E8B02700ABC441 /* LaunchScreen.storyboard */ = {
			isa = PBXVariantGroup;
			children = (
				4A893CF527E8B02700ABC441 /* Base */,
			);
			name = LaunchScreen.storyboard;
			sourceTree = "<group>";
		};
/* End PBXVariantGroup section */

/* Begin XCBuildConfiguration section */
		4A893D0E27E8B02700ABC441 /* Debug */ = {
			isa = XCBuildConfiguration;
			buildSettings = {
				ALWAYS_SEARCH_USER_PATHS = NO;
				CLANG_ANALYZER_NONNULL = YES;
				CLANG_ANALYZER_NUMBER_OBJECT_CONVERSION = YES_AGGRESSIVE;
				CLANG_CXX_LANGUAGE_STANDARD = "gnu++17";
				CLANG_CXX_LIBRARY = "libc++";
				CLANG_ENABLE_MODULES = YES;
				CLANG_ENABLE_OBJC_ARC = YES;
				CLANG_ENABLE_OBJC_WEAK = YES;
				CLANG_WARN_BLOCK_CAPTURE_AUTORELEASING = YES;
				CLANG_WARN_BOOL_CONVERSION = YES;
				CLANG_WARN_COMMA = YES;
				CLANG_WARN_CONSTANT_CONVERSION = YES;
				CLANG_WARN_DEPRECATED_OBJC_IMPLEMENTATIONS = YES;
				CLANG_WARN_DIRECT_OBJC_ISA_USAGE = YES_ERROR;
				CLANG_WARN_DOCUMENTATION_COMMENTS = YES;
				CLANG_WARN_EMPTY_BODY = YES;
				CLANG_WARN_ENUM_CONVERSION = YES;
				CLANG_WARN_INFINITE_RECURSION = YES;
				CLANG_WARN_INT_CONVERSION = YES;
				CLANG_WARN_NON_LITERAL_NULL_CONVERSION = YES;
				CLANG_WARN_OBJC_IMPLICIT_RETAIN_SELF = YES;
				CLANG_WARN_OBJC_LITERAL_CONVERSION = YES;
				CLANG_WARN_OBJC_ROOT_CLASS = YES_ERROR;
				CLANG_WARN_QUOTED_INCLUDE_IN_FRAMEWORK_HEADER = YES;
				CLANG_WARN_RANGE_LOOP_ANALYSIS = YES;
				CLANG_WARN_STRICT_PROTOTYPES = YES;
				CLANG_WARN_SUSPICIOUS_MOVE = YES;
				CLANG_WARN_UNGUARDED_AVAILABILITY = YES_AGGRESSIVE;
				CLANG_WARN_UNREACHABLE_CODE = YES;
				CLANG_WARN__DUPLICATE_METHOD_MATCH = YES;
				COPY_PHASE_STRIP = NO;
				DEBUG_INFORMATION_FORMAT = dwarf;
				ENABLE_STRICT_OBJC_MSGSEND = YES;
				ENABLE_TESTABILITY = YES;
				GCC_C_LANGUAGE_STANDARD = gnu11;
				GCC_DYNAMIC_NO_PIC = NO;
				GCC_NO_COMMON_BLOCKS = YES;
				GCC_OPTIMIZATION_LEVEL = 0;
				GCC_PREPROCESSOR_DEFINITIONS = (
					"DEBUG=1",
					"$(inherited)",
				);
				GCC_WARN_64_TO_32_BIT_CONVERSION = YES;
				GCC_WARN_ABOUT_RETURN_TYPE = YES_ERROR;
				GCC_WARN_UNDECLARED_SELECTOR = YES;
				GCC_WARN_UNINITIALIZED_AUTOS = YES_AGGRESSIVE;
				GCC_WARN_UNUSED_FUNCTION = YES;
				GCC_WARN_UNUSED_VARIABLE = YES;
				IPHONEOS_DEPLOYMENT_TARGET = 15.2;
				MTL_ENABLE_DEBUG_INFO = INCLUDE_SOURCE;
				MTL_FAST_MATH = YES;
				ONLY_ACTIVE_ARCH = YES;
				SDKROOT = iphoneos;
				SWIFT_ACTIVE_COMPILATION_CONDITIONS = DEBUG;
				SWIFT_OPTIMIZATION_LEVEL = "-Onone";
			};
			name = Debug;
		};
		4A893D0F27E8B02700ABC441 /* Release */ = {
			isa = XCBuildConfiguration;
			buildSettings = {
				ALWAYS_SEARCH_USER_PATHS = NO;
				CLANG_ANALYZER_NONNULL = YES;
				CLANG_ANALYZER_NUMBER_OBJECT_CONVERSION = YES_AGGRESSIVE;
				CLANG_CXX_LANGUAGE_STANDARD = "gnu++17";
				CLANG_CXX_LIBRARY = "libc++";
				CLANG_ENABLE_MODULES = YES;
				CLANG_ENABLE_OBJC_ARC = YES;
				CLANG_ENABLE_OBJC_WEAK = YES;
				CLANG_WARN_BLOCK_CAPTURE_AUTORELEASING = YES;
				CLANG_WARN_BOOL_CONVERSION = YES;
				CLANG_WARN_COMMA = YES;
				CLANG_WARN_CONSTANT_CONVERSION = YES;
				CLANG_WARN_DEPRECATED_OBJC_IMPLEMENTATIONS = YES;
				CLANG_WARN_DIRECT_OBJC_ISA_USAGE = YES_ERROR;
				CLANG_WARN_DOCUMENTATION_COMMENTS = YES;
				CLANG_WARN_EMPTY_BODY = YES;
				CLANG_WARN_ENUM_CONVERSION = YES;
				CLANG_WARN_INFINITE_RECURSION = YES;
				CLANG_WARN_INT_CONVERSION = YES;
				CLANG_WARN_NON_LITERAL_NULL_CONVERSION = YES;
				CLANG_WARN_OBJC_IMPLICIT_RETAIN_SELF = YES;
				CLANG_WARN_OBJC_LITERAL_CONVERSION = YES;
				CLANG_WARN_OBJC_ROOT_CLASS = YES_ERROR;
				CLANG_WARN_QUOTED_INCLUDE_IN_FRAMEWORK_HEADER = YES;
				CLANG_WARN_RANGE_LOOP_ANALYSIS = YES;
				CLANG_WARN_STRICT_PROTOTYPES = YES;
				CLANG_WARN_SUSPICIOUS_MOVE = YES;
				CLANG_WARN_UNGUARDED_AVAILABILITY = YES_AGGRESSIVE;
				CLANG_WARN_UNREACHABLE_CODE = YES;
				CLANG_WARN__DUPLICATE_METHOD_MATCH = YES;
				COPY_PHASE_STRIP = NO;
				DEBUG_INFORMATION_FORMAT = "dwarf-with-dsym";
				ENABLE_NS_ASSERTIONS = NO;
				ENABLE_STRICT_OBJC_MSGSEND = YES;
				GCC_C_LANGUAGE_STANDARD = gnu11;
				GCC_NO_COMMON_BLOCKS = YES;
				GCC_WARN_64_TO_32_BIT_CONVERSION = YES;
				GCC_WARN_ABOUT_RETURN_TYPE = YES_ERROR;
				GCC_WARN_UNDECLARED_SELECTOR = YES;
				GCC_WARN_UNINITIALIZED_AUTOS = YES_AGGRESSIVE;
				GCC_WARN_UNUSED_FUNCTION = YES;
				GCC_WARN_UNUSED_VARIABLE = YES;
				IPHONEOS_DEPLOYMENT_TARGET = 15.2;
				MTL_ENABLE_DEBUG_INFO = NO;
				MTL_FAST_MATH = YES;
				SDKROOT = iphoneos;
				SWIFT_COMPILATION_MODE = wholemodule;
				SWIFT_OPTIMIZATION_LEVEL = "-O";
				VALIDATE_PRODUCT = YES;
			};
			name = Release;
		};
		4A893D1127E8B02700ABC441 /* Debug */ = {
			isa = XCBuildConfiguration;
			buildSettings = {
				ASSETCATALOG_COMPILER_APPICON_NAME = AppIcon;
				ASSETCATALOG_COMPILER_GLOBAL_ACCENT_COLOR_NAME = AccentColor;
				CODE_SIGN_STYLE = Automatic;
				CURRENT_PROJECT_VERSION = 1;
				DEVELOPMENT_TEAM = JH9589JWJG;
				GENERATE_INFOPLIST_FILE = YES;
				INFOPLIST_FILE = Design/Info.plist;
				INFOPLIST_KEY_UIApplicationSupportsIndirectInputEvents = YES;
				INFOPLIST_KEY_UILaunchStoryboardName = LaunchScreen;
				INFOPLIST_KEY_UIMainStoryboardFile = Main;
				INFOPLIST_KEY_UISupportedInterfaceOrientations_iPad = "UIInterfaceOrientationPortrait UIInterfaceOrientationPortraitUpsideDown UIInterfaceOrientationLandscapeLeft UIInterfaceOrientationLandscapeRight";
				INFOPLIST_KEY_UISupportedInterfaceOrientations_iPhone = "UIInterfaceOrientationPortrait UIInterfaceOrientationLandscapeLeft UIInterfaceOrientationLandscapeRight";
				LD_RUNPATH_SEARCH_PATHS = (
					"$(inherited)",
					"@executable_path/Frameworks",
				);
				MARKETING_VERSION = 1.0;
				PRODUCT_BUNDLE_IDENTIFIER = com.xmh.design.Design;
				PRODUCT_NAME = "$(TARGET_NAME)";
				SWIFT_EMIT_LOC_STRINGS = YES;
				SWIFT_VERSION = 5.0;
				TARGETED_DEVICE_FAMILY = "1,2";
			};
			name = Debug;
		};
		4A893D1227E8B02700ABC441 /* Release */ = {
			isa = XCBuildConfiguration;
			buildSettings = {
				ASSETCATALOG_COMPILER_APPICON_NAME = AppIcon;
				ASSETCATALOG_COMPILER_GLOBAL_ACCENT_COLOR_NAME = AccentColor;
				CODE_SIGN_STYLE = Automatic;
				CURRENT_PROJECT_VERSION = 1;
				DEVELOPMENT_TEAM = JH9589JWJG;
				GENERATE_INFOPLIST_FILE = YES;
				INFOPLIST_FILE = Design/Info.plist;
				INFOPLIST_KEY_UIApplicationSupportsIndirectInputEvents = YES;
				INFOPLIST_KEY_UILaunchStoryboardName = LaunchScreen;
				INFOPLIST_KEY_UIMainStoryboardFile = Main;
				INFOPLIST_KEY_UISupportedInterfaceOrientations_iPad = "UIInterfaceOrientationPortrait UIInterfaceOrientationPortraitUpsideDown UIInterfaceOrientationLandscapeLeft UIInterfaceOrientationLandscapeRight";
				INFOPLIST_KEY_UISupportedInterfaceOrientations_iPhone = "UIInterfaceOrientationPortrait UIInterfaceOrientationLandscapeLeft UIInterfaceOrientationLandscapeRight";
				LD_RUNPATH_SEARCH_PATHS = (
					"$(inherited)",
					"@executable_path/Frameworks",
				);
				MARKETING_VERSION = 1.0;
				PRODUCT_BUNDLE_IDENTIFIER = com.xmh.design.Design;
				PRODUCT_NAME = "$(TARGET_NAME)";
				SWIFT_EMIT_LOC_STRINGS = YES;
				SWIFT_VERSION = 5.0;
				TARGETED_DEVICE_FAMILY = "1,2";
			};
			name = Release;
		};
		4A893D1427E8B02700ABC441 /* Debug */ = {
			isa = XCBuildConfiguration;
			buildSettings = {
				ALWAYS_EMBED_SWIFT_STANDARD_LIBRARIES = YES;
				BUNDLE_LOADER = "$(TEST_HOST)";
				CODE_SIGN_STYLE = Automatic;
				CURRENT_PROJECT_VERSION = 1;
				DEVELOPMENT_TEAM = JH9589JWJG;
				GENERATE_INFOPLIST_FILE = YES;
				IPHONEOS_DEPLOYMENT_TARGET = 15.2;
				MARKETING_VERSION = 1.0;
				PRODUCT_BUNDLE_IDENTIFIER = com.xmh.design.DesignTests;
				PRODUCT_NAME = "$(TARGET_NAME)";
				SWIFT_EMIT_LOC_STRINGS = NO;
				SWIFT_VERSION = 5.0;
				TARGETED_DEVICE_FAMILY = "1,2";
				TEST_HOST = "$(BUILT_PRODUCTS_DIR)/Design.app/Design";
			};
			name = Debug;
		};
		4A893D1527E8B02700ABC441 /* Release */ = {
			isa = XCBuildConfiguration;
			buildSettings = {
				ALWAYS_EMBED_SWIFT_STANDARD_LIBRARIES = YES;
				BUNDLE_LOADER = "$(TEST_HOST)";
				CODE_SIGN_STYLE = Automatic;
				CURRENT_PROJECT_VERSION = 1;
				DEVELOPMENT_TEAM = JH9589JWJG;
				GENERATE_INFOPLIST_FILE = YES;
				IPHONEOS_DEPLOYMENT_TARGET = 15.2;
				MARKETING_VERSION = 1.0;
				PRODUCT_BUNDLE_IDENTIFIER = com.xmh.design.DesignTests;
				PRODUCT_NAME = "$(TARGET_NAME)";
				SWIFT_EMIT_LOC_STRINGS = NO;
				SWIFT_VERSION = 5.0;
				TARGETED_DEVICE_FAMILY = "1,2";
				TEST_HOST = "$(BUILT_PRODUCTS_DIR)/Design.app/Design";
			};
			name = Release;
		};
		4A893D1727E8B02700ABC441 /* Debug */ = {
			isa = XCBuildConfiguration;
			buildSettings = {
				ALWAYS_EMBED_SWIFT_STANDARD_LIBRARIES = YES;
				CODE_SIGN_STYLE = Automatic;
				CURRENT_PROJECT_VERSION = 1;
				DEVELOPMENT_TEAM = JH9589JWJG;
				GENERATE_INFOPLIST_FILE = YES;
				MARKETING_VERSION = 1.0;
				PRODUCT_BUNDLE_IDENTIFIER = com.xmh.design.DesignUITests;
				PRODUCT_NAME = "$(TARGET_NAME)";
				SWIFT_EMIT_LOC_STRINGS = NO;
				SWIFT_VERSION = 5.0;
				TARGETED_DEVICE_FAMILY = "1,2";
				TEST_TARGET_NAME = Design;
			};
			name = Debug;
		};
		4A893D1827E8B02700ABC441 /* Release */ = {
			isa = XCBuildConfiguration;
			buildSettings = {
				ALWAYS_EMBED_SWIFT_STANDARD_LIBRARIES = YES;
				CODE_SIGN_STYLE = Automatic;
				CURRENT_PROJECT_VERSION = 1;
				DEVELOPMENT_TEAM = JH9589JWJG;
				GENERATE_INFOPLIST_FILE = YES;
				MARKETING_VERSION = 1.0;
				PRODUCT_BUNDLE_IDENTIFIER = com.xmh.design.DesignUITests;
				PRODUCT_NAME = "$(TARGET_NAME)";
				SWIFT_EMIT_LOC_STRINGS = NO;
				SWIFT_VERSION = 5.0;
				TARGETED_DEVICE_FAMILY = "1,2";
				TEST_TARGET_NAME = Design;
			};
			name = Release;
		};
/* End XCBuildConfiguration section */

/* Begin XCConfigurationList section */
		4A893CE127E8B02500ABC441 /* Build configuration list for PBXProject "Design" */ = {
			isa = XCConfigurationList;
			buildConfigurations = (
				4A893D0E27E8B02700ABC441 /* Debug */,
				4A893D0F27E8B02700ABC441 /* Release */,
			);
			defaultConfigurationIsVisible = 0;
			defaultConfigurationName = Release;
		};
		4A893D1027E8B02700ABC441 /* Build configuration list for PBXNativeTarget "Design" */ = {
			isa = XCConfigurationList;
			buildConfigurations = (
				4A893D1127E8B02700ABC441 /* Debug */,
				4A893D1227E8B02700ABC441 /* Release */,
			);
			defaultConfigurationIsVisible = 0;
			defaultConfigurationName = Release;
		};
		4A893D1327E8B02700ABC441 /* Build configuration list for PBXNativeTarget "DesignTests" */ = {
			isa = XCConfigurationList;
			buildConfigurations = (
				4A893D1427E8B02700ABC441 /* Debug */,
				4A893D1527E8B02700ABC441 /* Release */,
			);
			defaultConfigurationIsVisible = 0;
			defaultConfigurationName = Release;
		};
		4A893D1627E8B02700ABC441 /* Build configuration list for PBXNativeTarget "DesignUITests" */ = {
			isa = XCConfigurationList;
			buildConfigurations = (
				4A893D1727E8B02700ABC441 /* Debug */,
				4A893D1827E8B02700ABC441 /* Release */,
			);
			defaultConfigurationIsVisible = 0;
			defaultConfigurationName = Release;
		};
/* End XCConfigurationList section */
	};
	rootObject = 4A893CDE27E8B02500ABC441 /* Project object */;
}
